
Microsoft Visual Studio Solution File, Format Version 12.00
# Visual Studio Version 17
VisualStudioVersion = 17.0.31903.59
MinimumVisualStudioVersion = 10.0.40219.1
Project("{2150E333-8FDC-42A3-9474-1A3956D46DE8}") = "src", "src", "{827E0CD3-B72D-47B6-A68D-7590B98EB39B}"
EndProject
Project("{FAE04EC0-301F-11D3-BF4B-00C04F79EFBC}") = "Farmelo.API", "src\Farmelo.API\Farmelo.API.csproj", "{97522249-B2DE-4959-A853-B64F26092ABC}"
EndProject
Project("{FAE04EC0-301F-11D3-BF4B-00C04F79EFBC}") = "Farmelo.Business", "src\Farmelo.Business\Farmelo.Business.csproj", "{BC61CF7F-8804-4910-AD47-6B28BEEA508D}"
EndProject
Project("{FAE04EC0-301F-11D3-BF4B-00C04F79EFBC}") = "Farmelo.Data", "src\Farmelo.Data\Farmelo.Data.csproj", "{C022D4EB-789D-48AF-9B92-6258EB9F31C4}"
EndProject
Project("{FAE04EC0-301F-11D3-BF4B-00C04F79EFBC}") = "Farmelo.Shared", "src\Farmelo.Shared\Farmelo.Shared.csproj", "{DF2D0A72-797C-499D-8F23-C46F1CF0B9C4}"
EndProject
Project("{FAE04EC0-301F-11D3-BF4B-00C04F79EFBC}") = "Farmelo.AutoMapper", "src\Farmelo.AutoMapper\Farmelo.AutoMapper.csproj", "{9E720821-1C04-4545-AAA7-86194A8FCC8B}"
EndProject
Project("{FAE04EC0-301F-11D3-BF4B-00C04F79EFBC}") = "Farmelo.Integration", "src\Farmelo.Integration\Farmelo.Integration.csproj", "{70DB8CD0-ED71-42EB-A4D7-B8251571942D}"
EndProject
Project("{FAE04EC0-301F-11D3-BF4B-00C04F79EFBC}") = "Farmelo.Test", "src\Farmelo.Test\Farmelo.Test.csproj", "{EFFDAEB1-F6C6-4F48-8275-419BC324ADE0}"
EndProject
Global
	GlobalSection(SolutionConfigurationPlatforms) = preSolution
		Debug|Any CPU = Debug|Any CPU
		Debug|x64 = Debug|x64
		Debug|x86 = Debug|x86
		Release|Any CPU = Release|Any CPU
		Release|x64 = Release|x64
		Release|x86 = Release|x86
	EndGlobalSection
	GlobalSection(ProjectConfigurationPlatforms) = postSolution
		{97522249-B2DE-4959-A853-B64F26092ABC}.Debug|Any CPU.ActiveCfg = Debug|Any CPU
		{97522249-B2DE-4959-A853-B64F26092ABC}.Debug|Any CPU.Build.0 = Debug|Any CPU
		{97522249-B2DE-4959-A853-B64F26092ABC}.Debug|x64.ActiveCfg = Debug|Any CPU
		{97522249-B2DE-4959-A853-B64F26092ABC}.Debug|x64.Build.0 = Debug|Any CPU
		{97522249-B2DE-4959-A853-B64F26092ABC}.Debug|x86.ActiveCfg = Debug|Any CPU
		{97522249-B2DE-4959-A853-B64F26092ABC}.Debug|x86.Build.0 = Debug|Any CPU
		{97522249-B2DE-4959-A853-B64F26092ABC}.Release|Any CPU.ActiveCfg = Release|Any CPU
		{97522249-B2DE-4959-A853-B64F26092ABC}.Release|Any CPU.Build.0 = Release|Any CPU
		{97522249-B2DE-4959-A853-B64F26092ABC}.Release|x64.ActiveCfg = Release|Any CPU
		{97522249-B2DE-4959-A853-B64F26092ABC}.Release|x64.Build.0 = Release|Any CPU
		{97522249-B2DE-4959-A853-B64F26092ABC}.Release|x86.ActiveCfg = Release|Any CPU
		{97522249-B2DE-4959-A853-B64F26092ABC}.Release|x86.Build.0 = Release|Any CPU
		{BC61CF7F-8804-4910-AD47-6B28BEEA508D}.Debug|Any CPU.ActiveCfg = Debug|Any CPU
		{BC61CF7F-8804-4910-AD47-6B28BEEA508D}.Debug|Any CPU.Build.0 = Debug|Any CPU
		{BC61CF7F-8804-4910-AD47-6B28BEEA508D}.Debug|x64.ActiveCfg = Debug|Any CPU
		{BC61CF7F-8804-4910-AD47-6B28BEEA508D}.Debug|x64.Build.0 = Debug|Any CPU
		{BC61CF7F-8804-4910-AD47-6B28BEEA508D}.Debug|x86.ActiveCfg = Debug|Any CPU
		{BC61CF7F-8804-4910-AD47-6B28BEEA508D}.Debug|x86.Build.0 = Debug|Any CPU
		{BC61CF7F-8804-4910-AD47-6B28BEEA508D}.Release|Any CPU.ActiveCfg = Release|Any CPU
		{BC61CF7F-8804-4910-AD47-6B28BEEA508D}.Release|Any CPU.Build.0 = Release|Any CPU
		{BC61CF7F-8804-4910-AD47-6B28BEEA508D}.Release|x64.ActiveCfg = Release|Any CPU
		{BC61CF7F-8804-4910-AD47-6B28BEEA508D}.Release|x64.Build.0 = Release|Any CPU
		{BC61CF7F-8804-4910-AD47-6B28BEEA508D}.Release|x86.ActiveCfg = Release|Any CPU
		{BC61CF7F-8804-4910-AD47-6B28BEEA508D}.Release|x86.Build.0 = Release|Any CPU
		{C022D4EB-789D-48AF-9B92-6258EB9F31C4}.Debug|Any CPU.ActiveCfg = Debug|Any CPU
		{C022D4EB-789D-48AF-9B92-6258EB9F31C4}.Debug|Any CPU.Build.0 = Debug|Any CPU
		{C022D4EB-789D-48AF-9B92-6258EB9F31C4}.Debug|x64.ActiveCfg = Debug|Any CPU
		{C022D4EB-789D-48AF-9B92-6258EB9F31C4}.Debug|x64.Build.0 = Debug|Any CPU
		{C022D4EB-789D-48AF-9B92-6258EB9F31C4}.Debug|x86.ActiveCfg = Debug|Any CPU
		{C022D4EB-789D-48AF-9B92-6258EB9F31C4}.Debug|x86.Build.0 = Debug|Any CPU
		{C022D4EB-789D-48AF-9B92-6258EB9F31C4}.Release|Any CPU.ActiveCfg = Release|Any CPU
		{C022D4EB-789D-48AF-9B92-6258EB9F31C4}.Release|Any CPU.Build.0 = Release|Any CPU
		{C022D4EB-789D-48AF-9B92-6258EB9F31C4}.Release|x64.ActiveCfg = Release|Any CPU
		{C022D4EB-789D-48AF-9B92-6258EB9F31C4}.Release|x64.Build.0 = Release|Any CPU
		{C022D4EB-789D-48AF-9B92-6258EB9F31C4}.Release|x86.ActiveCfg = Release|Any CPU
		{C022D4EB-789D-48AF-9B92-6258EB9F31C4}.Release|x86.Build.0 = Release|Any CPU
		{DF2D0A72-797C-499D-8F23-C46F1CF0B9C4}.Debug|Any CPU.ActiveCfg = Debug|Any CPU
		{DF2D0A72-797C-499D-8F23-C46F1CF0B9C4}.Debug|Any CPU.Build.0 = Debug|Any CPU
		{DF2D0A72-797C-499D-8F23-C46F1CF0B9C4}.Debug|x64.ActiveCfg = Debug|Any CPU
		{DF2D0A72-797C-499D-8F23-C46F1CF0B9C4}.Debug|x64.Build.0 = Debug|Any CPU
		{DF2D0A72-797C-499D-8F23-C46F1CF0B9C4}.Debug|x86.ActiveCfg = Debug|Any CPU
		{DF2D0A72-797C-499D-8F23-C46F1CF0B9C4}.Debug|x86.Build.0 = Debug|Any CPU
		{DF2D0A72-797C-499D-8F23-C46F1CF0B9C4}.Release|Any CPU.ActiveCfg = Release|Any CPU
		{DF2D0A72-797C-499D-8F23-C46F1CF0B9C4}.Release|Any CPU.Build.0 = Release|Any CPU
		{DF2D0A72-797C-499D-8F23-C46F1CF0B9C4}.Release|x64.ActiveCfg = Release|Any CPU
		{DF2D0A72-797C-499D-8F23-C46F1CF0B9C4}.Release|x64.Build.0 = Release|Any CPU
		{DF2D0A72-797C-499D-8F23-C46F1CF0B9C4}.Release|x86.ActiveCfg = Release|Any CPU
		{DF2D0A72-797C-499D-8F23-C46F1CF0B9C4}.Release|x86.Build.0 = Release|Any CPU
		{9E720821-1C04-4545-AAA7-86194A8FCC8B}.Debug|Any CPU.ActiveCfg = Debug|Any CPU
		{9E720821-1C04-4545-AAA7-86194A8FCC8B}.Debug|Any CPU.Build.0 = Debug|Any CPU
		{9E720821-1C04-4545-AAA7-86194A8FCC8B}.Debug|x64.ActiveCfg = Debug|Any CPU
		{9E720821-1C04-4545-AAA7-86194A8FCC8B}.Debug|x64.Build.0 = Debug|Any CPU
		{9E720821-1C04-4545-AAA7-86194A8FCC8B}.Debug|x86.ActiveCfg = Debug|Any CPU
		{9E720821-1C04-4545-AAA7-86194A8FCC8B}.Debug|x86.Build.0 = Debug|Any CPU
		{9E720821-1C04-4545-AAA7-86194A8FCC8B}.Release|Any CPU.ActiveCfg = Release|Any CPU
		{9E720821-1C04-4545-AAA7-86194A8FCC8B}.Release|Any CPU.Build.0 = Release|Any CPU
		{9E720821-1C04-4545-AAA7-86194A8FCC8B}.Release|x64.ActiveCfg = Release|Any CPU
		{9E720821-1C04-4545-AAA7-86194A8FCC8B}.Release|x64.Build.0 = Release|Any CPU
		{9E720821-1C04-4545-AAA7-86194A8FCC8B}.Release|x86.ActiveCfg = Release|Any CPU
		{9E720821-1C04-4545-AAA7-86194A8FCC8B}.Release|x86.Build.0 = Release|Any CPU
		{70DB8CD0-ED71-42EB-A4D7-B8251571942D}.Debug|Any CPU.ActiveCfg = Debug|Any CPU
		{70DB8CD0-ED71-42EB-A4D7-B8251571942D}.Debug|Any CPU.Build.0 = Debug|Any CPU
		{70DB8CD0-ED71-42EB-A4D7-B8251571942D}.Debug|x64.ActiveCfg = Debug|Any CPU
		{70DB8CD0-ED71-42EB-A4D7-B8251571942D}.Debug|x64.Build.0 = Debug|Any CPU
		{70DB8CD0-ED71-42EB-A4D7-B8251571942D}.Debug|x86.ActiveCfg = Debug|Any CPU
		{70DB8CD0-ED71-42EB-A4D7-B8251571942D}.Debug|x86.Build.0 = Debug|Any CPU
		{70DB8CD0-ED71-42EB-A4D7-B8251571942D}.Release|Any CPU.ActiveCfg = Release|Any CPU
		{70DB8CD0-ED71-42EB-A4D7-B8251571942D}.Release|Any CPU.Build.0 = Release|Any CPU
		{70DB8CD0-ED71-42EB-A4D7-B8251571942D}.Release|x64.ActiveCfg = Release|Any CPU
		{70DB8CD0-ED71-42EB-A4D7-B8251571942D}.Release|x64.Build.0 = Release|Any CPU
		{70DB8CD0-ED71-42EB-A4D7-B8251571942D}.Release|x86.ActiveCfg = Release|Any CPU
		{70DB8CD0-ED71-42EB-A4D7-B8251571942D}.Release|x86.Build.0 = Release|Any CPU
		{EFFDAEB1-F6C6-4F48-8275-419BC324ADE0}.Debug|Any CPU.ActiveCfg = Debug|Any CPU
		{EFFDAEB1-F6C6-4F48-8275-419BC324ADE0}.Debug|Any CPU.Build.0 = Debug|Any CPU
		{EFFDAEB1-F6C6-4F48-8275-419BC324ADE0}.Debug|x64.ActiveCfg = Debug|Any CPU
		{EFFDAEB1-F6C6-4F48-8275-419BC324ADE0}.Debug|x64.Build.0 = Debug|Any CPU
		{EFFDAEB1-F6C6-4F48-8275-419BC324ADE0}.Debug|x86.ActiveCfg = Debug|Any CPU
		{EFFDAEB1-F6C6-4F48-8275-419BC324ADE0}.Debug|x86.Build.0 = Debug|Any CPU
		{EFFDAEB1-F6C6-4F48-8275-419BC324ADE0}.Release|Any CPU.ActiveCfg = Release|Any CPU
		{EFFDAEB1-F6C6-4F48-8275-419BC324ADE0}.Release|Any CPU.Build.0 = Release|Any CPU
		{EFFDAEB1-F6C6-4F48-8275-419BC324ADE0}.Release|x64.ActiveCfg = Release|Any CPU
		{EFFDAEB1-F6C6-4F48-8275-419BC324ADE0}.Release|x64.Build.0 = Release|Any CPU
		{EFFDAEB1-F6C6-4F48-8275-419BC324ADE0}.Release|x86.ActiveCfg = Release|Any CPU
		{EFFDAEB1-F6C6-4F48-8275-419BC324ADE0}.Release|x86.Build.0 = Release|Any CPU
	EndGlobalSection
	GlobalSection(SolutionProperties) = preSolution
		HideSolutionNode = FALSE
	EndGlobalSection
	GlobalSection(NestedProjects) = preSolution
		{97522249-B2DE-4959-A853-B64F26092ABC} = {827E0CD3-B72D-47B6-A68D-7590B98EB39B}
		{BC61CF7F-8804-4910-AD47-6B28BEEA508D} = {827E0CD3-B72D-47B6-A68D-7590B98EB39B}
		{C022D4EB-789D-48AF-9B92-6258EB9F31C4} = {827E0CD3-B72D-47B6-A68D-7590B98EB39B}
		{DF2D0A72-797C-499D-8F23-C46F1CF0B9C4} = {827E0CD3-B72D-47B6-A68D-7590B98EB39B}
		{9E720821-1C04-4545-AAA7-86194A8FCC8B} = {827E0CD3-B72D-47B6-A68D-7590B98EB39B}
		{70DB8CD0-ED71-42EB-A4D7-B8251571942D} = {827E0CD3-B72D-47B6-A68D-7590B98EB39B}
		{EFFDAEB1-F6C6-4F48-8275-419BC324ADE0} = {827E0CD3-B72D-47B6-A68D-7590B98EB39B}
	EndGlobalSection
EndGlobal
